{
  "version": "4",
  "specifiers": {
    "jsr:@core/unknownutil@4": "4.3.0",
    "jsr:@core/unknownutil@^3.17.2": "3.18.1",
    "jsr:@core/unknownutil@^3.18.0": "3.18.1",
    "jsr:@core/unknownutil@^4.3.0": "4.3.0",
    "jsr:@denops/core@7": "7.0.1",
    "jsr:@denops/std@7.1": "7.1.1",
    "jsr:@denops/std@7.3": "7.3.0",
    "jsr:@denops/std@7.4": "7.4.0",
    "jsr:@denops/test@~3.0.2": "3.0.4",
    "jsr:@lambdalisue/errorutil@1": "1.1.1",
    "jsr:@lambdalisue/indexer@1": "1.0.0",
    "jsr:@lambdalisue/itertools@^1.1.2": "1.1.2",
    "jsr:@lambdalisue/messagepack-rpc@^2.1.1": "2.4.0",
    "jsr:@lambdalisue/messagepack@^1.0.1": "1.0.1",
    "jsr:@lambdalisue/reservator@^1.0.1": "1.0.1",
    "jsr:@lambdalisue/streamtools@1": "1.0.1",
    "jsr:@lambdalisue/unreachable@^1.0.1": "1.0.1",
    "jsr:@shougo/ddu-vim@6.0": "6.0.0",
    "jsr:@shougo/ddu-vim@6.1": "6.1.0",
    "jsr:@shougo/ddu-vim@6.2": "6.2.0",
    "jsr:@shougo/ddu-vim@6.4": "6.4.0",
    "jsr:@shougo/ddu-vim@7.0": "7.0.0",
    "jsr:@shougo/ddu-vim@9.0": "9.0.0",
    "jsr:@shougo/ddu-vim@9.1": "9.1.0",
    "jsr:@std/assert@~1.0.1": "1.0.6",
    "jsr:@std/async@1": "1.0.7",
    "jsr:@std/bytes@0.221": "0.221.0",
    "jsr:@std/collections@^1.0.5": "1.0.9",
    "jsr:@std/fs@1": "1.0.3",
    "jsr:@std/internal@^1.0.2": "1.0.2",
    "jsr:@std/internal@^1.0.3": "1.0.3",
    "jsr:@std/internal@^1.0.4": "1.0.4",
    "jsr:@std/path@^1.0.1": "1.0.7",
    "jsr:@std/path@^1.0.2": "1.0.4",
    "jsr:@std/path@^1.0.4": "1.0.4",
    "jsr:@std/path@^1.0.7": "1.0.7",
    "jsr:@std/path@~1.0.2": "1.0.4",
    "jsr:@std/semver@1": "1.0.3",
    "jsr:@std/streams@1": "1.0.7",
    "jsr:@std/ulid@1": "1.0.0",
    "npm:msgpackr@^1.10.1": "1.11.0"
  },
  "jsr": {
    "@core/unknownutil@3.18.1": {
      "integrity": "6aaa108b623ff971d062dd345da7ca03b97f61ae3d29c8677bff14fec11f0d76"
    },
    "@core/unknownutil@4.3.0": {
      "integrity": "538a3687ffa81028e91d148818047df219663d0da671d906cecd165581ae55cc"
    },
    "@denops/core@7.0.1": {
      "integrity": "ede39eec60de6d5bf0fbc0337d3e420a9689cc48afea8c71752e6c0fb630bde0"
    },
    "@denops/std@7.1.1": {
      "integrity": "9178027fc9192034842ac4d8d7219ce65ea80cb115b722e681e5c3630b503cb8",
      "dependencies": [
        "jsr:@core/unknownutil@^4.3.0",
        "jsr:@denops/core",
        "jsr:@lambdalisue/errorutil",
        "jsr:@lambdalisue/itertools",
        "jsr:@lambdalisue/unreachable",
        "jsr:@std/fs",
        "jsr:@std/path@^1.0.2",
        "jsr:@std/semver",
        "jsr:@std/ulid"
      ]
    },
    "@denops/std@7.3.0": {
      "integrity": "338904dbfac2c1707fccbd0e432931ecd7037aef00e976baa9fde57ab92a86e7",
      "dependencies": [
        "jsr:@denops/core"
      ]
    },
    "@denops/std@7.4.0": {
      "integrity": "6d7ae66af0286a440c14c0ba096b4336697bcd69e83e0fce21a41fb3dec10d65",
      "dependencies": [
        "jsr:@denops/core"
      ]
    },
    "@denops/test@3.0.4": {
      "integrity": "6d345744749d3b4ab4858b6bd861b1bcb34cb8f00bd82e3d64a725c369223ff4",
      "dependencies": [
        "jsr:@core/unknownutil@4",
        "jsr:@denops/core",
        "jsr:@lambdalisue/errorutil",
        "jsr:@lambdalisue/messagepack-rpc",
        "jsr:@std/async",
        "jsr:@std/collections",
        "jsr:@std/path@^1.0.1",
        "jsr:@std/streams"
      ]
    },
    "@lambdalisue/errorutil@1.1.1": {
      "integrity": "d0234a8a510da52f130c44698643b7f420f332ef2ffce1451415925b14f5f63f",
      "dependencies": [
        "jsr:@core/unknownutil@^3.18.0"
      ]
    },
    "@lambdalisue/indexer@1.0.0": {
      "integrity": "f1dbbca13a0cb3b8d87533f3ac807ba2881107e28a7eb7eb85ac1b1c5d6a5c42"
    },
    "@lambdalisue/itertools@1.1.2": {
      "integrity": "1b8c45a5ab7102a3ff1aa64c8ec0bdb12aee845bec5bf85458ed83446125587a"
    },
    "@lambdalisue/messagepack@1.0.1": {
      "integrity": "e35888d9ac295826f24234f10f7ef660c890b506eb09fac1f7509798e94c525a",
      "dependencies": [
        "jsr:@std/bytes",
        "npm:msgpackr"
      ]
    },
    "@lambdalisue/messagepack-rpc@2.4.0": {
      "integrity": "51b9aabe1ce88c3309e12fa834f2a8340ffcd0611f53ea012d28c8f9328ea7d2",
      "dependencies": [
        "jsr:@core/unknownutil@^3.17.2",
        "jsr:@lambdalisue/indexer",
        "jsr:@lambdalisue/messagepack",
        "jsr:@lambdalisue/reservator",
        "jsr:@lambdalisue/streamtools"
      ]
    },
    "@lambdalisue/reservator@1.0.1": {
      "integrity": "daf9189747c5cb2ad49e42ad3c65ec367684e1765ebb856a0ad6d754b3e650c4"
    },
    "@lambdalisue/streamtools@1.0.1": {
      "integrity": "8bc2fdeefa7131911b19b53dc5eb9c10c68ed4bf9e9de8bd5ed0c27f83953516",
      "dependencies": [
        "jsr:@std/bytes"
      ]
    },
    "@lambdalisue/unreachable@1.0.1": {
      "integrity": "24b0743775e92ea0d076beaf0869bfbe4708054ac570742628684fb35ccda0d4"
    },
    "@shougo/ddu-vim@6.0.0": {
      "integrity": "f1f858f89f5341d0721ddc07fa419361be08da5fef57cf42dd709c08d4b74c5e",
      "dependencies": [
        "jsr:@denops/std@7.1"
      ]
    },
    "@shougo/ddu-vim@6.1.0": {
      "integrity": "772a042b413b3f3c0e072ff390221494e2ee04c2c252827693d34b454fd05eac",
      "dependencies": [
        "jsr:@denops/std@7.1"
      ]
    },
    "@shougo/ddu-vim@6.2.0": {
      "integrity": "cb9636feb783b56b5fa3c3b24f622f08cfc498b4d45fcee310d4b1c160c23746",
      "dependencies": [
        "jsr:@denops/std@7.1"
      ]
    },
    "@shougo/ddu-vim@6.4.0": {
      "integrity": "017a23b29a81fc3816c02a00bee4a420ee1c58073440a857b09c05750d5493e2",
      "dependencies": [
        "jsr:@denops/std@7.3"
      ]
    },
    "@shougo/ddu-vim@7.0.0": {
      "integrity": "7f810e687d73fae33875bd26fe1332541763dbdfceeb549c53935dc22f67be8c",
      "dependencies": [
        "jsr:@denops/std@7.3"
      ]
    },
    "@shougo/ddu-vim@9.0.0": {
      "integrity": "3e3803cdb25f2864a25d517fb2b64e44811788bda6e2a682a08d2910bdc7b0ca",
      "dependencies": [
        "jsr:@denops/std@7.4"
      ]
    },
    "@shougo/ddu-vim@9.1.0": {
      "integrity": "8a2b36a6490597c6208cc98a42a6e47135027ecad52b3e2b4d28669edcd390f9",
      "dependencies": [
        "jsr:@denops/std@7.4"
      ]
    },
    "@std/assert@1.0.3": {
      "integrity": "b0d03ce1ced880df67132eea140623010d415848df66f6aa5df76507ca7c26d8",
      "dependencies": [
        "jsr:@std/internal@^1.0.2"
      ]
    },
    "@std/assert@1.0.4": {
      "integrity": "d4c767ea578e5bc09c15b6e503376003e5b2d1f4c0cdf08524a92101ff4d7b96",
      "dependencies": [
        "jsr:@std/internal@^1.0.3"
      ]
    },
    "@std/assert@1.0.6": {
      "integrity": "1904c05806a25d94fe791d6d883b685c9e2dcd60e4f9fc30f4fc5cf010c72207",
      "dependencies": [
        "jsr:@std/internal@^1.0.4"
      ]
    },
    "@std/async@1.0.7": {
      "integrity": "f4fadc0124432e37cba11e8b3880164661a664de00a65118d976848f32f96290"
    },
    "@std/bytes@0.221.0": {
      "integrity": "64a047011cf833890a4a2ab7293ac55a1b4f5a050624ebc6a0159c357de91966"
    },
    "@std/collections@1.0.9": {
      "integrity": "4f58104ead08a04a2199374247f07befe50ba01d9cca8cbb23ab9a0419921e71"
    },
    "@std/fs@1.0.3": {
      "integrity": "3cb839b1360b0a42d8b367c3093bfe4071798e6694fa44cf1963e04a8edba4fe",
      "dependencies": [
        "jsr:@std/path@^1.0.4"
      ]
    },
    "@std/fs@1.0.5": {
      "integrity": "41806ad6823d0b5f275f9849a2640d87e4ef67c51ee1b8fb02426f55e02fd44e",
      "dependencies": [
        "jsr:@std/path@^1.0.7"
      ]
    },
    "@std/internal@1.0.2": {
      "integrity": "f4cabe2021352e8bfc24e6569700df87bf070914fc38d4b23eddd20108ac4495"
    },
    "@std/internal@1.0.3": {
      "integrity": "208e9b94a3d5649bd880e9ca38b885ab7651ab5b5303a56ed25de4755fb7b11e"
    },
    "@std/internal@1.0.4": {
      "integrity": "62e8e4911527e5e4f307741a795c0b0a9e6958d0b3790716ae71ce085f755422"
    },
    "@std/path@1.0.4": {
      "integrity": "48dd5d8389bcfcd619338a01bdf862cb7799933390146a54ae59356a0acc7105"
    },
    "@std/path@1.0.7": {
      "integrity": "76a689e07f0e15dcc6002ec39d0866797e7156629212b28f27179b8a5c3b33a1"
    },
    "@std/semver@1.0.3": {
      "integrity": "7c139c6076a080eeaa4252c78b95ca5302818d7eafab0470d34cafd9930c13c8"
    },
    "@std/streams@1.0.7": {
      "integrity": "1a93917ca0c58c01b2bfb93647189229b1702677f169b6fb61ad6241cd2e499b"
    },
    "@std/ulid@1.0.0": {
      "integrity": "d41c3d27a907714413649fee864b7cde8d42ee68437d22b79d5de4f81d808780"
    }
  },
  "npm": {
    "@msgpackr-extract/msgpackr-extract-darwin-arm64@3.0.3": {
      "integrity": "sha512-QZHtlVgbAdy2zAqNA9Gu1UpIuI8Xvsd1v8ic6B2pZmeFnFcMWiPLfWXh7TVw4eGEZ/C9TH281KwhVoeQUKbyjw=="
    },
    "@msgpackr-extract/msgpackr-extract-darwin-x64@3.0.3": {
      "integrity": "sha512-mdzd3AVzYKuUmiWOQ8GNhl64/IoFGol569zNRdkLReh6LRLHOXxU4U8eq0JwaD8iFHdVGqSy4IjFL4reoWCDFw=="
    },
    "@msgpackr-extract/msgpackr-extract-linux-arm64@3.0.3": {
      "integrity": "sha512-YxQL+ax0XqBJDZiKimS2XQaf+2wDGVa1enVRGzEvLLVFeqa5kx2bWbtcSXgsxjQB7nRqqIGFIcLteF/sHeVtQg=="
    },
    "@msgpackr-extract/msgpackr-extract-linux-arm@3.0.3": {
      "integrity": "sha512-fg0uy/dG/nZEXfYilKoRe7yALaNmHoYeIoJuJ7KJ+YyU2bvY8vPv27f7UKhGRpY6euFYqEVhxCFZgAUNQBM3nw=="
    },
    "@msgpackr-extract/msgpackr-extract-linux-x64@3.0.3": {
      "integrity": "sha512-cvwNfbP07pKUfq1uH+S6KJ7dT9K8WOE4ZiAcsrSes+UY55E/0jLYc+vq+DO7jlmqRb5zAggExKm0H7O/CBaesg=="
    },
    "@msgpackr-extract/msgpackr-extract-win32-x64@3.0.3": {
      "integrity": "sha512-x0fWaQtYp4E6sktbsdAqnehxDgEc/VwM7uLsRCYWaiGu0ykYdZPiS8zCWdnjHwyiumousxfBm4SO31eXqwEZhQ=="
    },
    "detect-libc@2.0.3": {
      "integrity": "sha512-bwy0MGW55bG41VqxxypOsdSdGqLwXPI/focwgTYCFMbdUiBAxLg9CFzG08sz2aqzknwiX7Hkl0bQENjg8iLByw=="
    },
    "msgpackr-extract@3.0.3": {
      "integrity": "sha512-P0efT1C9jIdVRefqjzOQ9Xml57zpOXnIuS+csaB4MdZbTdmGDLo8XhzBG1N7aO11gKDDkJvBLULeFTo46wwreA==",
      "dependencies": [
        "@msgpackr-extract/msgpackr-extract-darwin-arm64",
        "@msgpackr-extract/msgpackr-extract-darwin-x64",
        "@msgpackr-extract/msgpackr-extract-linux-arm",
        "@msgpackr-extract/msgpackr-extract-linux-arm64",
        "@msgpackr-extract/msgpackr-extract-linux-x64",
        "@msgpackr-extract/msgpackr-extract-win32-x64",
        "node-gyp-build-optional-packages"
      ]
    },
    "msgpackr@1.11.0": {
      "integrity": "sha512-I8qXuuALqJe5laEBYoFykChhSXLikZmUhccjGsPuSJ/7uPip2TJ7lwdIQwWSAi0jGZDXv4WOP8Qg65QZRuXxXw==",
      "dependencies": [
        "msgpackr-extract"
      ]
    },
    "node-gyp-build-optional-packages@5.2.2": {
      "integrity": "sha512-s+w+rBWnpTMwSFbaE0UXsRlg7hU4FjekKU4eyAih5T8nJuNZT1nNsskXpxmeqSK9UzkBl6UgRlnKc8hz8IEqOw==",
      "dependencies": [
        "detect-libc"
      ]
    }
  }
}
